{
  "name": "test-debug",
  "version": "1.0.0",
  "lockfileVersion": 3,
  "requires": true,
  "packages": {
    "": {
      "name": "test-debug",
      "version": "1.0.0",
      "license": "ISC",
      "dependencies": {
        "viewport-cli": "file:.."
      }
    },
    "..": {
      "version": "1.1.2",
      "hasInstallScript": true,
      "license": "MIT",
      "dependencies": {
        "express": "^4.18.0",
        "playwright": "^1.40.0"
      },
      "bin": {
        "viewport-cli": "bin/cli.js",
        "viewport-server": "bin/viewport-server.js"
      },
      "devDependencies": {
        "eslint": "^9.0.0"
      },
      "engines": {
        "node": ">=18.0.0",
        "npm": ">=8.0.0"
      }
    },
    "node_modules/viewport-cli": {
      "resolved": "..",
      "link": true
    }
  }
}
